// !$*UTF8*$!
{
	archiveVersion = 1;
	classes = {
	};
	objectVersion = 46;
	objects = {

/* Begin PBXBuildFile section */
		32E3523628D9A1FD5B410307 /* libPods-ProjectX.a in Frameworks */ = {isa = PBXBuildFile; fileRef = BB0ECD45D3C5FBD792C0A2F0 /* libPods-ProjectX.a */; };
		8E3C98A11BE2BCC7008D21C7 /* SelectedVenueVC.m in Sources */ = {isa = PBXBuildFile; fileRef = 8E3C98A01BE2BCC7008D21C7 /* SelectedVenueVC.m */; };
		8E3C98A41BE2BE59008D21C7 /* VenuesFullMapVC.m in Sources */ = {isa = PBXBuildFile; fileRef = 8E3C98A31BE2BE59008D21C7 /* VenuesFullMapVC.m */; };
		8E4728221BE290C6008CD0DC /* main.m in Sources */ = {isa = PBXBuildFile; fileRef = 8E4728211BE290C6008CD0DC /* main.m */; };
		8E4728251BE290C6008CD0DC /* AppDelegate.m in Sources */ = {isa = PBXBuildFile; fileRef = 8E4728241BE290C6008CD0DC /* AppDelegate.m */; };
		8E4728281BE290C6008CD0DC /* VenueTableView.m in Sources */ = {isa = PBXBuildFile; fileRef = 8E4728271BE290C6008CD0DC /* VenueTableView.m */; };
		8E47282B1BE290C6008CD0DC /* Main.storyboard in Resources */ = {isa = PBXBuildFile; fileRef = 8E4728291BE290C6008CD0DC /* Main.storyboard */; };
		8E47282D1BE290C6008CD0DC /* Assets.xcassets in Resources */ = {isa = PBXBuildFile; fileRef = 8E47282C1BE290C6008CD0DC /* Assets.xcassets */; };
		8E4728301BE290C6008CD0DC /* LaunchScreen.storyboard in Resources */ = {isa = PBXBuildFile; fileRef = 8E47282E1BE290C6008CD0DC /* LaunchScreen.storyboard */; };
		8E47283B1BE290C6008CD0DC /* ProjectXTests.m in Sources */ = {isa = PBXBuildFile; fileRef = 8E47283A1BE290C6008CD0DC /* ProjectXTests.m */; };
		8E4728461BE290C6008CD0DC /* ProjectXUITests.m in Sources */ = {isa = PBXBuildFile; fileRef = 8E4728451BE290C6008CD0DC /* ProjectXUITests.m */; };
		8E514EDA1C0DF10A00829233 /* Constants.m in Sources */ = {isa = PBXBuildFile; fileRef = 8E514ED91C0DF10A00829233 /* Constants.m */; };
		8E54B1721BE2D165007F874D /* CoreLocation.framework in Frameworks */ = {isa = PBXBuildFile; fileRef = 8E54B1711BE2D165007F874D /* CoreLocation.framework */; };
		8E54B1741BE2D171007F874D /* MapKit.framework in Frameworks */ = {isa = PBXBuildFile; fileRef = 8E54B1731BE2D171007F874D /* MapKit.framework */; };
		8E54B1761BE2D180007F874D /* Foundation.framework in Frameworks */ = {isa = PBXBuildFile; fileRef = 8E54B1751BE2D180007F874D /* Foundation.framework */; };
		8E54B1781BE2D186007F874D /* UIKit.framework in Frameworks */ = {isa = PBXBuildFile; fileRef = 8E54B1771BE2D186007F874D /* UIKit.framework */; };
		8E74030D1C12FEE6000A4426 /* Photos.m in Sources */ = {isa = PBXBuildFile; fileRef = 8E74030C1C12FEE6000A4426 /* Photos.m */; };
		8E7F0FCB1C498F100079EB37 /* ParseUI.framework in Frameworks */ = {isa = PBXBuildFile; fileRef = 8E7F0FC51C498F100079EB37 /* ParseUI.framework */; };
		8E7F0FCC1C498F100079EB37 /* Bolts.framework in Frameworks */ = {isa = PBXBuildFile; fileRef = 8E7F0FC61C498F100079EB37 /* Bolts.framework */; };
		8E7F0FCD1C498F100079EB37 /* Parse.framework in Frameworks */ = {isa = PBXBuildFile; fileRef = 8E7F0FC71C498F100079EB37 /* Parse.framework */; };
		8E7F0FCF1C498F320079EB37 /* AudioToolbox.framework in Frameworks */ = {isa = PBXBuildFile; fileRef = 8E7F0FCE1C498F320079EB37 /* AudioToolbox.framework */; };
		8E7F0FD11C498F390079EB37 /* CFNetwork.framework in Frameworks */ = {isa = PBXBuildFile; fileRef = 8E7F0FD01C498F390079EB37 /* CFNetwork.framework */; };
		8E7F0FD31C498F3F0079EB37 /* CoreGraphics.framework in Frameworks */ = {isa = PBXBuildFile; fileRef = 8E7F0FD21C498F3F0079EB37 /* CoreGraphics.framework */; };
		8E7F0FD51C498F4D0079EB37 /* QuartzCore.framework in Frameworks */ = {isa = PBXBuildFile; fileRef = 8E7F0FD41C498F4D0079EB37 /* QuartzCore.framework */; };
		8E7F0FD71C498F540079EB37 /* Security.framework in Frameworks */ = {isa = PBXBuildFile; fileRef = 8E7F0FD61C498F540079EB37 /* Security.framework */; };
		8E7F0FD91C498F5B0079EB37 /* StoreKit.framework in Frameworks */ = {isa = PBXBuildFile; fileRef = 8E7F0FD81C498F5B0079EB37 /* StoreKit.framework */; };
		8E7F0FDB1C498F620079EB37 /* SystemConfiguration.framework in Frameworks */ = {isa = PBXBuildFile; fileRef = 8E7F0FDA1C498F620079EB37 /* SystemConfiguration.framework */; };
		8E7F0FDD1C498F6B0079EB37 /* libz.tbd in Frameworks */ = {isa = PBXBuildFile; fileRef = 8E7F0FDC1C498F6B0079EB37 /* libz.tbd */; };
		8E7F0FDF1C498F740079EB37 /* libsqlite3.tbd in Frameworks */ = {isa = PBXBuildFile; fileRef = 8E7F0FDE1C498F740079EB37 /* libsqlite3.tbd */; };
		8E82002C1BE404A0008D2446 /* VenueTableViewCell.m in Sources */ = {isa = PBXBuildFile; fileRef = 8E82002B1BE404A0008D2446 /* VenueTableViewCell.m */; };
		8E8A91E31C0CCE8000DD7C50 /* Venue.m in Sources */ = {isa = PBXBuildFile; fileRef = 8E8A91E21C0CCE8000DD7C50 /* Venue.m */; };
		8E8A91E61C0CD02D00DD7C50 /* Location.m in Sources */ = {isa = PBXBuildFile; fileRef = 8E8A91E51C0CD02D00DD7C50 /* Location.m */; };
		EB6682CD1C1CB8CE00082787 /* IconDownloader.m in Sources */ = {isa = PBXBuildFile; fileRef = EB6682CC1C1CB8CE00082787 /* IconDownloader.m */; };
		EB78FE8C1C1C4A0A002A6D62 /* LocationManager.m in Sources */ = {isa = PBXBuildFile; fileRef = EB78FE8B1C1C4A0A002A6D62 /* LocationManager.m */; };
		EB78FE901C1C5FC5002A6D62 /* Foursquare+Rest.m in Sources */ = {isa = PBXBuildFile; fileRef = EB78FE8F1C1C5FC5002A6D62 /* Foursquare+Rest.m */; };
		EBDF02CF1C4A99F2002ACFCD /* startTor.m in Sources */ = {isa = PBXBuildFile; fileRef = EBDF02CE1C4A99F2002ACFCD /* startTor.m */; };
/* End PBXBuildFile section */

/* Begin PBXContainerItemProxy section */
		8E4728371BE290C6008CD0DC /* PBXContainerItemProxy */ = {
			isa = PBXContainerItemProxy;
			containerPortal = 8E4728151BE290C6008CD0DC /* Project object */;
			proxyType = 1;
			remoteGlobalIDString = 8E47281C1BE290C6008CD0DC;
			remoteInfo = ProjectX;
		};
		8E4728421BE290C6008CD0DC /* PBXContainerItemProxy */ = {
			isa = PBXContainerItemProxy;
			containerPortal = 8E4728151BE290C6008CD0DC /* Project object */;
			proxyType = 1;
			remoteGlobalIDString = 8E47281C1BE290C6008CD0DC;
			remoteInfo = ProjectX;
		};
/* End PBXContainerItemProxy section */

/* Begin PBXFileReference section */
		32CA11DBB0F34AFC02C397C8 /* Pods-ProjectX.release.xcconfig */ = {isa = PBXFileReference; includeInIndex = 1; lastKnownFileType = text.xcconfig; name = "Pods-ProjectX.release.xcconfig"; path = "Pods/Target Support Files/Pods-ProjectX/Pods-ProjectX.release.xcconfig"; sourceTree = "<group>"; };
		7BE1796ACB274751E630A73A /* Pods-ProjectX.debug.xcconfig */ = {isa = PBXFileReference; includeInIndex = 1; lastKnownFileType = text.xcconfig; name = "Pods-ProjectX.debug.xcconfig"; path = "Pods/Target Support Files/Pods-ProjectX/Pods-ProjectX.debug.xcconfig"; sourceTree = "<group>"; };
		8E3C989F1BE2BCC7008D21C7 /* SelectedVenueVC.h */ = {isa = PBXFileReference; fileEncoding = 4; lastKnownFileType = sourcecode.c.h; path = SelectedVenueVC.h; sourceTree = "<group>"; };
		8E3C98A01BE2BCC7008D21C7 /* SelectedVenueVC.m */ = {isa = PBXFileReference; fileEncoding = 4; lastKnownFileType = sourcecode.c.objc; path = SelectedVenueVC.m; sourceTree = "<group>"; };
		8E3C98A21BE2BE59008D21C7 /* VenuesFullMapVC.h */ = {isa = PBXFileReference; fileEncoding = 4; lastKnownFileType = sourcecode.c.h; path = VenuesFullMapVC.h; sourceTree = "<group>"; };
		8E3C98A31BE2BE59008D21C7 /* VenuesFullMapVC.m */ = {isa = PBXFileReference; fileEncoding = 4; lastKnownFileType = sourcecode.c.objc; path = VenuesFullMapVC.m; sourceTree = "<group>"; };
		8E3C98A51BE2BFA8008D21C7 /* PrefixHeader.pch */ = {isa = PBXFileReference; fileEncoding = 4; lastKnownFileType = sourcecode.c.h; path = PrefixHeader.pch; sourceTree = "<group>"; };
		8E47281D1BE290C6008CD0DC /* ProjectX.app */ = {isa = PBXFileReference; explicitFileType = wrapper.application; includeInIndex = 0; path = ProjectX.app; sourceTree = BUILT_PRODUCTS_DIR; };
		8E4728211BE290C6008CD0DC /* main.m */ = {isa = PBXFileReference; lastKnownFileType = sourcecode.c.objc; path = main.m; sourceTree = "<group>"; };
		8E4728231BE290C6008CD0DC /* AppDelegate.h */ = {isa = PBXFileReference; lastKnownFileType = sourcecode.c.h; path = AppDelegate.h; sourceTree = "<group>"; };
		8E4728241BE290C6008CD0DC /* AppDelegate.m */ = {isa = PBXFileReference; lastKnownFileType = sourcecode.c.objc; path = AppDelegate.m; sourceTree = "<group>"; };
		8E4728261BE290C6008CD0DC /* VenueTableView.h */ = {isa = PBXFileReference; lastKnownFileType = sourcecode.c.h; path = VenueTableView.h; sourceTree = "<group>"; };
		8E4728271BE290C6008CD0DC /* VenueTableView.m */ = {isa = PBXFileReference; lastKnownFileType = sourcecode.c.objc; path = VenueTableView.m; sourceTree = "<group>"; };
		8E47282A1BE290C6008CD0DC /* Base */ = {isa = PBXFileReference; lastKnownFileType = file.storyboard; name = Base; path = Base.lproj/Main.storyboard; sourceTree = "<group>"; };
		8E47282C1BE290C6008CD0DC /* Assets.xcassets */ = {isa = PBXFileReference; lastKnownFileType = folder.assetcatalog; path = Assets.xcassets; sourceTree = "<group>"; };
		8E47282F1BE290C6008CD0DC /* Base */ = {isa = PBXFileReference; lastKnownFileType = file.storyboard; name = Base; path = Base.lproj/LaunchScreen.storyboard; sourceTree = "<group>"; };
		8E4728311BE290C6008CD0DC /* Info.plist */ = {isa = PBXFileReference; lastKnownFileType = text.plist.xml; path = Info.plist; sourceTree = "<group>"; };
		8E4728361BE290C6008CD0DC /* ProjectXTests.xctest */ = {isa = PBXFileReference; explicitFileType = wrapper.cfbundle; includeInIndex = 0; path = ProjectXTests.xctest; sourceTree = BUILT_PRODUCTS_DIR; };
		8E47283A1BE290C6008CD0DC /* ProjectXTests.m */ = {isa = PBXFileReference; lastKnownFileType = sourcecode.c.objc; path = ProjectXTests.m; sourceTree = "<group>"; };
		8E47283C1BE290C6008CD0DC /* Info.plist */ = {isa = PBXFileReference; lastKnownFileType = text.plist.xml; path = Info.plist; sourceTree = "<group>"; };
		8E4728411BE290C6008CD0DC /* ProjectXUITests.xctest */ = {isa = PBXFileReference; explicitFileType = wrapper.cfbundle; includeInIndex = 0; path = ProjectXUITests.xctest; sourceTree = BUILT_PRODUCTS_DIR; };
		8E4728451BE290C6008CD0DC /* ProjectXUITests.m */ = {isa = PBXFileReference; lastKnownFileType = sourcecode.c.objc; path = ProjectXUITests.m; sourceTree = "<group>"; };
		8E4728471BE290C6008CD0DC /* Info.plist */ = {isa = PBXFileReference; lastKnownFileType = text.plist.xml; path = Info.plist; sourceTree = "<group>"; };
		8E514ED81C0DF10A00829233 /* Constants.h */ = {isa = PBXFileReference; fileEncoding = 4; lastKnownFileType = sourcecode.c.h; path = Constants.h; sourceTree = "<group>"; };
		8E514ED91C0DF10A00829233 /* Constants.m */ = {isa = PBXFileReference; fileEncoding = 4; lastKnownFileType = sourcecode.c.objc; path = Constants.m; sourceTree = "<group>"; };
		8E54B1711BE2D165007F874D /* CoreLocation.framework */ = {isa = PBXFileReference; lastKnownFileType = wrapper.framework; name = CoreLocation.framework; path = System/Library/Frameworks/CoreLocation.framework; sourceTree = SDKROOT; };
		8E54B1731BE2D171007F874D /* MapKit.framework */ = {isa = PBXFileReference; lastKnownFileType = wrapper.framework; name = MapKit.framework; path = System/Library/Frameworks/MapKit.framework; sourceTree = SDKROOT; };
		8E54B1751BE2D180007F874D /* Foundation.framework */ = {isa = PBXFileReference; lastKnownFileType = wrapper.framework; name = Foundation.framework; path = System/Library/Frameworks/Foundation.framework; sourceTree = SDKROOT; };
		8E54B1771BE2D186007F874D /* UIKit.framework */ = {isa = PBXFileReference; lastKnownFileType = wrapper.framework; name = UIKit.framework; path = System/Library/Frameworks/UIKit.framework; sourceTree = SDKROOT; };
		8E74030B1C12FEE6000A4426 /* Photos.h */ = {isa = PBXFileReference; fileEncoding = 4; lastKnownFileType = sourcecode.c.h; path = Photos.h; sourceTree = "<group>"; };
		8E74030C1C12FEE6000A4426 /* Photos.m */ = {isa = PBXFileReference; fileEncoding = 4; lastKnownFileType = sourcecode.c.objc; path = Photos.m; sourceTree = "<group>"; };
		8E7F0FC51C498F100079EB37 /* ParseUI.framework */ = {isa = PBXFileReference; lastKnownFileType = wrapper.framework; path = ParseUI.framework; sourceTree = "<group>"; };
		8E7F0FC61C498F100079EB37 /* Bolts.framework */ = {isa = PBXFileReference; lastKnownFileType = wrapper.framework; path = Bolts.framework; sourceTree = "<group>"; };
		8E7F0FC71C498F100079EB37 /* Parse.framework */ = {isa = PBXFileReference; lastKnownFileType = wrapper.framework; path = Parse.framework; sourceTree = "<group>"; };
		8E7F0FCE1C498F320079EB37 /* AudioToolbox.framework */ = {isa = PBXFileReference; lastKnownFileType = wrapper.framework; name = AudioToolbox.framework; path = System/Library/Frameworks/AudioToolbox.framework; sourceTree = SDKROOT; };
		8E7F0FD01C498F390079EB37 /* CFNetwork.framework */ = {isa = PBXFileReference; lastKnownFileType = wrapper.framework; name = CFNetwork.framework; path = System/Library/Frameworks/CFNetwork.framework; sourceTree = SDKROOT; };
		8E7F0FD21C498F3F0079EB37 /* CoreGraphics.framework */ = {isa = PBXFileReference; lastKnownFileType = wrapper.framework; name = CoreGraphics.framework; path = System/Library/Frameworks/CoreGraphics.framework; sourceTree = SDKROOT; };
		8E7F0FD41C498F4D0079EB37 /* QuartzCore.framework */ = {isa = PBXFileReference; lastKnownFileType = wrapper.framework; name = QuartzCore.framework; path = System/Library/Frameworks/QuartzCore.framework; sourceTree = SDKROOT; };
		8E7F0FD61C498F540079EB37 /* Security.framework */ = {isa = PBXFileReference; lastKnownFileType = wrapper.framework; name = Security.framework; path = System/Library/Frameworks/Security.framework; sourceTree = SDKROOT; };
		8E7F0FD81C498F5B0079EB37 /* StoreKit.framework */ = {isa = PBXFileReference; lastKnownFileType = wrapper.framework; name = StoreKit.framework; path = System/Library/Frameworks/StoreKit.framework; sourceTree = SDKROOT; };
		8E7F0FDA1C498F620079EB37 /* SystemConfiguration.framework */ = {isa = PBXFileReference; lastKnownFileType = wrapper.framework; name = SystemConfiguration.framework; path = System/Library/Frameworks/SystemConfiguration.framework; sourceTree = SDKROOT; };
		8E7F0FDC1C498F6B0079EB37 /* libz.tbd */ = {isa = PBXFileReference; lastKnownFileType = "sourcecode.text-based-dylib-definition"; name = libz.tbd; path = usr/lib/libz.tbd; sourceTree = SDKROOT; };
		8E7F0FDE1C498F740079EB37 /* libsqlite3.tbd */ = {isa = PBXFileReference; lastKnownFileType = "sourcecode.text-based-dylib-definition"; name = libsqlite3.tbd; path = usr/lib/libsqlite3.tbd; sourceTree = SDKROOT; };
		8E82002A1BE404A0008D2446 /* VenueTableViewCell.h */ = {isa = PBXFileReference; fileEncoding = 4; lastKnownFileType = sourcecode.c.h; path = VenueTableViewCell.h; sourceTree = "<group>"; };
		8E82002B1BE404A0008D2446 /* VenueTableViewCell.m */ = {isa = PBXFileReference; fileEncoding = 4; lastKnownFileType = sourcecode.c.objc; path = VenueTableViewCell.m; sourceTree = "<group>"; };
		8E8A91E11C0CCE8000DD7C50 /* Venue.h */ = {isa = PBXFileReference; fileEncoding = 4; lastKnownFileType = sourcecode.c.h; path = Venue.h; sourceTree = "<group>"; };
		8E8A91E21C0CCE8000DD7C50 /* Venue.m */ = {isa = PBXFileReference; fileEncoding = 4; lastKnownFileType = sourcecode.c.objc; path = Venue.m; sourceTree = "<group>"; };
		8E8A91E41C0CD02D00DD7C50 /* Location.h */ = {isa = PBXFileReference; fileEncoding = 4; lastKnownFileType = sourcecode.c.h; path = Location.h; sourceTree = "<group>"; };
		8E8A91E51C0CD02D00DD7C50 /* Location.m */ = {isa = PBXFileReference; fileEncoding = 4; lastKnownFileType = sourcecode.c.objc; path = Location.m; sourceTree = "<group>"; };
		BB0ECD45D3C5FBD792C0A2F0 /* libPods-ProjectX.a */ = {isa = PBXFileReference; explicitFileType = archive.ar; includeInIndex = 0; path = "libPods-ProjectX.a"; sourceTree = BUILT_PRODUCTS_DIR; };
		EB6682CB1C1CB8CE00082787 /* IconDownloader.h */ = {isa = PBXFileReference; fileEncoding = 4; lastKnownFileType = sourcecode.c.h; path = IconDownloader.h; sourceTree = "<group>"; };
		EB6682CC1C1CB8CE00082787 /* IconDownloader.m */ = {isa = PBXFileReference; fileEncoding = 4; lastKnownFileType = sourcecode.c.objc; path = IconDownloader.m; sourceTree = "<group>"; };
		EB78FE8A1C1C4A0A002A6D62 /* LocationManager.h */ = {isa = PBXFileReference; fileEncoding = 4; lastKnownFileType = sourcecode.c.h; path = LocationManager.h; sourceTree = "<group>"; };
		EB78FE8B1C1C4A0A002A6D62 /* LocationManager.m */ = {isa = PBXFileReference; fileEncoding = 4; lastKnownFileType = sourcecode.c.objc; path = LocationManager.m; sourceTree = "<group>"; };
		EB78FE8E1C1C5FC5002A6D62 /* Foursquare+Rest.h */ = {isa = PBXFileReference; fileEncoding = 4; lastKnownFileType = sourcecode.c.h; path = "Foursquare+Rest.h"; sourceTree = "<group>"; };
		EB78FE8F1C1C5FC5002A6D62 /* Foursquare+Rest.m */ = {isa = PBXFileReference; fileEncoding = 4; lastKnownFileType = sourcecode.c.objc; path = "Foursquare+Rest.m"; sourceTree = "<group>"; };
		EBDF02CD1C4A99F2002ACFCD /* startTor.h */ = {isa = PBXFileReference; fileEncoding = 4; lastKnownFileType = sourcecode.c.h; path = startTor.h; sourceTree = "<group>"; };
		EBDF02CE1C4A99F2002ACFCD /* startTor.m */ = {isa = PBXFileReference; fileEncoding = 4; lastKnownFileType = sourcecode.c.objc; path = startTor.m; sourceTree = "<group>"; };
/* End PBXFileReference section */

/* Begin PBXFrameworksBuildPhase section */
		8E47281A1BE290C6008CD0DC /* Frameworks */ = {
			isa = PBXFrameworksBuildPhase;
			buildActionMask = 2147483647;
			files = (
				8E7F0FDF1C498F740079EB37 /* libsqlite3.tbd in Frameworks */,
				8E7F0FDD1C498F6B0079EB37 /* libz.tbd in Frameworks */,
				8E7F0FDB1C498F620079EB37 /* SystemConfiguration.framework in Frameworks */,
				8E7F0FD91C498F5B0079EB37 /* StoreKit.framework in Frameworks */,
				8E7F0FD71C498F540079EB37 /* Security.framework in Frameworks */,
				8E7F0FD51C498F4D0079EB37 /* QuartzCore.framework in Frameworks */,
				8E54B1721BE2D165007F874D /* CoreLocation.framework in Frameworks */,
				8E7F0FD31C498F3F0079EB37 /* CoreGraphics.framework in Frameworks */,
				8E7F0FD11C498F390079EB37 /* CFNetwork.framework in Frameworks */,
				8E7F0FCF1C498F320079EB37 /* AudioToolbox.framework in Frameworks */,
				8E7F0FCB1C498F100079EB37 /* ParseUI.framework in Frameworks */,
				8E54B1781BE2D186007F874D /* UIKit.framework in Frameworks */,
				8E54B1761BE2D180007F874D /* Foundation.framework in Frameworks */,
				8E7F0FCC1C498F100079EB37 /* Bolts.framework in Frameworks */,
				8E7F0FCD1C498F100079EB37 /* Parse.framework in Frameworks */,
				8E54B1741BE2D171007F874D /* MapKit.framework in Frameworks */,
				32E3523628D9A1FD5B410307 /* libPods-ProjectX.a in Frameworks */,
			);
			runOnlyForDeploymentPostprocessing = 0;
		};
		8E4728331BE290C6008CD0DC /* Frameworks */ = {
			isa = PBXFrameworksBuildPhase;
			buildActionMask = 2147483647;
			files = (
			);
			runOnlyForDeploymentPostprocessing = 0;
		};
		8E47283E1BE290C6008CD0DC /* Frameworks */ = {
			isa = PBXFrameworksBuildPhase;
			buildActionMask = 2147483647;
			files = (
			);
			runOnlyForDeploymentPostprocessing = 0;
		};
/* End PBXFrameworksBuildPhase section */

/* Begin PBXGroup section */
		1E17072D0E16ED3D99D0D7D8 /* Pods */ = {
			isa = PBXGroup;
			children = (
				7BE1796ACB274751E630A73A /* Pods-ProjectX.debug.xcconfig */,
				32CA11DBB0F34AFC02C397C8 /* Pods-ProjectX.release.xcconfig */,
			);
			name = Pods;
			sourceTree = "<group>";
		};
		8E4728141BE290C6008CD0DC = {
			isa = PBXGroup;
			children = (
				8E8A91E01C0CCD4500DD7C50 /* Frameworks */,
				8E47281F1BE290C6008CD0DC /* ProjectX */,
				8E4728391BE290C6008CD0DC /* ProjectXTests */,
				8E4728441BE290C6008CD0DC /* ProjectXUITests */,
				8E47281E1BE290C6008CD0DC /* Products */,
				1E17072D0E16ED3D99D0D7D8 /* Pods */,
			);
			sourceTree = "<group>";
		};
		8E47281E1BE290C6008CD0DC /* Products */ = {
			isa = PBXGroup;
			children = (
				8E47281D1BE290C6008CD0DC /* ProjectX.app */,
				8E4728361BE290C6008CD0DC /* ProjectXTests.xctest */,
				8E4728411BE290C6008CD0DC /* ProjectXUITests.xctest */,
			);
			name = Products;
			sourceTree = "<group>";
		};
		8E47281F1BE290C6008CD0DC /* ProjectX */ = {
			isa = PBXGroup;
			children = (
				8E4728231BE290C6008CD0DC /* AppDelegate.h */,
				8E4728241BE290C6008CD0DC /* AppDelegate.m */,
				8E4728291BE290C6008CD0DC /* Main.storyboard */,
				8E714A4E1C0DA3A00085FB96 /* Model */,
				8EA72B7B1C1CE91000CF42B8 /* Controller */,
				EBDF02CB1C4A99DF002ACFCD /* Other Dependencies */,
				8E47282C1BE290C6008CD0DC /* Assets.xcassets */,
				8E47282E1BE290C6008CD0DC /* LaunchScreen.storyboard */,
				8E4728311BE290C6008CD0DC /* Info.plist */,
				8E4728201BE290C6008CD0DC /* Supporting Files */,
				8E3C98A51BE2BFA8008D21C7 /* PrefixHeader.pch */,
			);
			path = ProjectX;
			sourceTree = "<group>";
		};
		8E4728201BE290C6008CD0DC /* Supporting Files */ = {
			isa = PBXGroup;
			children = (
				8E4728211BE290C6008CD0DC /* main.m */,
			);
			name = "Supporting Files";
			sourceTree = "<group>";
		};
		8E4728391BE290C6008CD0DC /* ProjectXTests */ = {
			isa = PBXGroup;
			children = (
				8E47283A1BE290C6008CD0DC /* ProjectXTests.m */,
				8E47283C1BE290C6008CD0DC /* Info.plist */,
			);
			path = ProjectXTests;
			sourceTree = "<group>";
		};
		8E4728441BE290C6008CD0DC /* ProjectXUITests */ = {
			isa = PBXGroup;
			children = (
				8E4728451BE290C6008CD0DC /* ProjectXUITests.m */,
				8E4728471BE290C6008CD0DC /* Info.plist */,
			);
			path = ProjectXUITests;
			sourceTree = "<group>";
		};
		8E714A4E1C0DA3A00085FB96 /* Model */ = {
			isa = PBXGroup;
			children = (
				8EA72B741C1CE8BA00CF42B8 /* Constants */,
				8EA72B751C1CE8C400CF42B8 /* Venue */,
				8EA72B761C1CE8CF00CF42B8 /* Location */,
				8EA72B771C1CE8D800CF42B8 /* Photos */,
				8EA72B781C1CE8DF00CF42B8 /* LocationManager */,
				8EA72B791C1CE8E600CF42B8 /* Forsquare_Rest */,
				8EA72B7A1C1CE8F500CF42B8 /* IconDownloader */,
			);
			name = Model;
			sourceTree = "<group>";
		};
		8E8A91E01C0CCD4500DD7C50 /* Frameworks */ = {
			isa = PBXGroup;
			children = (
				8E7F0FDE1C498F740079EB37 /* libsqlite3.tbd */,
				8E7F0FDC1C498F6B0079EB37 /* libz.tbd */,
				8E7F0FDA1C498F620079EB37 /* SystemConfiguration.framework */,
				8E7F0FD81C498F5B0079EB37 /* StoreKit.framework */,
				8E7F0FD61C498F540079EB37 /* Security.framework */,
				8E7F0FD41C498F4D0079EB37 /* QuartzCore.framework */,
				8E7F0FD21C498F3F0079EB37 /* CoreGraphics.framework */,
				8E7F0FD01C498F390079EB37 /* CFNetwork.framework */,
				8E7F0FCE1C498F320079EB37 /* AudioToolbox.framework */,
				8E7F0FC51C498F100079EB37 /* ParseUI.framework */,
				8E7F0FC61C498F100079EB37 /* Bolts.framework */,
				8E7F0FC71C498F100079EB37 /* Parse.framework */,
				8E54B1771BE2D186007F874D /* UIKit.framework */,
				8E54B1751BE2D180007F874D /* Foundation.framework */,
				8E54B1731BE2D171007F874D /* MapKit.framework */,
				8E54B1711BE2D165007F874D /* CoreLocation.framework */,
				BB0ECD45D3C5FBD792C0A2F0 /* libPods-ProjectX.a */,
			);
			name = Frameworks;
			sourceTree = "<group>";
		};
		8EA72B741C1CE8BA00CF42B8 /* Constants */ = {
			isa = PBXGroup;
			children = (
				8E514ED81C0DF10A00829233 /* Constants.h */,
				8E514ED91C0DF10A00829233 /* Constants.m */,
			);
			name = Constants;
			sourceTree = "<group>";
		};
		8EA72B751C1CE8C400CF42B8 /* Venue */ = {
			isa = PBXGroup;
			children = (
				8E8A91E11C0CCE8000DD7C50 /* Venue.h */,
				8E8A91E21C0CCE8000DD7C50 /* Venue.m */,
			);
			name = Venue;
			sourceTree = "<group>";
		};
		8EA72B761C1CE8CF00CF42B8 /* Location */ = {
			isa = PBXGroup;
			children = (
				8E8A91E41C0CD02D00DD7C50 /* Location.h */,
				8E8A91E51C0CD02D00DD7C50 /* Location.m */,
			);
			name = Location;
			sourceTree = "<group>";
		};
		8EA72B771C1CE8D800CF42B8 /* Photos */ = {
			isa = PBXGroup;
			children = (
				8E74030B1C12FEE6000A4426 /* Photos.h */,
				8E74030C1C12FEE6000A4426 /* Photos.m */,
			);
			name = Photos;
			sourceTree = "<group>";
		};
		8EA72B781C1CE8DF00CF42B8 /* LocationManager */ = {
			isa = PBXGroup;
			children = (
				EB78FE8A1C1C4A0A002A6D62 /* LocationManager.h */,
				EB78FE8B1C1C4A0A002A6D62 /* LocationManager.m */,
			);
			name = LocationManager;
			sourceTree = "<group>";
		};
		8EA72B791C1CE8E600CF42B8 /* Forsquare_Rest */ = {
			isa = PBXGroup;
			children = (
				EB78FE8E1C1C5FC5002A6D62 /* Foursquare+Rest.h */,
				EB78FE8F1C1C5FC5002A6D62 /* Foursquare+Rest.m */,
			);
			name = Forsquare_Rest;
			sourceTree = "<group>";
		};
		8EA72B7A1C1CE8F500CF42B8 /* IconDownloader */ = {
			isa = PBXGroup;
			children = (
				EB6682CB1C1CB8CE00082787 /* IconDownloader.h */,
				EB6682CC1C1CB8CE00082787 /* IconDownloader.m */,
			);
			name = IconDownloader;
			sourceTree = "<group>";
		};
		8EA72B7B1C1CE91000CF42B8 /* Controller */ = {
			isa = PBXGroup;
			children = (
				8E4728261BE290C6008CD0DC /* VenueTableView.h */,
				8E4728271BE290C6008CD0DC /* VenueTableView.m */,
				8E82002A1BE404A0008D2446 /* VenueTableViewCell.h */,
				8E82002B1BE404A0008D2446 /* VenueTableViewCell.m */,
				8E3C98A21BE2BE59008D21C7 /* VenuesFullMapVC.h */,
				8E3C98A31BE2BE59008D21C7 /* VenuesFullMapVC.m */,
				8E3C989F1BE2BCC7008D21C7 /* SelectedVenueVC.h */,
				8E3C98A01BE2BCC7008D21C7 /* SelectedVenueVC.m */,
			);
			name = Controller;
			sourceTree = "<group>";
		};
		EBDF02CB1C4A99DF002ACFCD /* Other Dependencies */ = {
			isa = PBXGroup;
			children = (
				EBDF02CC1C4A99E5002ACFCD /* Tor */,
			);
			name = "Other Dependencies";
			path = ..;
			sourceTree = "<group>";
		};
		EBDF02CC1C4A99E5002ACFCD /* Tor */ = {
			isa = PBXGroup;
			children = (
				EBDF02CD1C4A99F2002ACFCD /* startTor.h */,
				EBDF02CE1C4A99F2002ACFCD /* startTor.m */,
			);
			name = Tor;
			sourceTree = "<group>";
		};
/* End PBXGroup section */

/* Begin PBXNativeTarget section */
		8E47281C1BE290C6008CD0DC /* ProjectX */ = {
			isa = PBXNativeTarget;
			buildConfigurationList = 8E47284A1BE290C6008CD0DC /* Build configuration list for PBXNativeTarget "ProjectX" */;
			buildPhases = (
				DA688AEDFD9E308530B4BD34 /* Check Pods Manifest.lock */,
				8E4728191BE290C6008CD0DC /* Sources */,
				8E47281A1BE290C6008CD0DC /* Frameworks */,
				8E47281B1BE290C6008CD0DC /* Resources */,
				57878C162C6C40649F12B922 /* Embed Pods Frameworks */,
				3D2AFB5323CA1E745D83F9A3 /* Copy Pods Resources */,
			);
			buildRules = (
			);
			dependencies = (
			);
			name = ProjectX;
			productName = ProjectX;
			productReference = 8E47281D1BE290C6008CD0DC /* ProjectX.app */;
			productType = "com.apple.product-type.application";
		};
		8E4728351BE290C6008CD0DC /* ProjectXTests */ = {
			isa = PBXNativeTarget;
			buildConfigurationList = 8E47284D1BE290C6008CD0DC /* Build configuration list for PBXNativeTarget "ProjectXTests" */;
			buildPhases = (
				8E4728321BE290C6008CD0DC /* Sources */,
				8E4728331BE290C6008CD0DC /* Frameworks */,
				8E4728341BE290C6008CD0DC /* Resources */,
			);
			buildRules = (
			);
			dependencies = (
				8E4728381BE290C6008CD0DC /* PBXTargetDependency */,
			);
			name = ProjectXTests;
			productName = ProjectXTests;
			productReference = 8E4728361BE290C6008CD0DC /* ProjectXTests.xctest */;
			productType = "com.apple.product-type.bundle.unit-test";
		};
		8E4728401BE290C6008CD0DC /* ProjectXUITests */ = {
			isa = PBXNativeTarget;
			buildConfigurationList = 8E4728501BE290C6008CD0DC /* Build configuration list for PBXNativeTarget "ProjectXUITests" */;
			buildPhases = (
				8E47283D1BE290C6008CD0DC /* Sources */,
				8E47283E1BE290C6008CD0DC /* Frameworks */,
				8E47283F1BE290C6008CD0DC /* Resources */,
			);
			buildRules = (
			);
			dependencies = (
				8E4728431BE290C6008CD0DC /* PBXTargetDependency */,
			);
			name = ProjectXUITests;
			productName = ProjectXUITests;
			productReference = 8E4728411BE290C6008CD0DC /* ProjectXUITests.xctest */;
			productType = "com.apple.product-type.bundle.ui-testing";
		};
/* End PBXNativeTarget section */

/* Begin PBXProject section */
		8E4728151BE290C6008CD0DC /* Project object */ = {
			isa = PBXProject;
			attributes = {
				LastUpgradeCheck = 0710;
				ORGANIZATIONNAME = icsd12004;
				TargetAttributes = {
					8E47281C1BE290C6008CD0DC = {
						CreatedOnToolsVersion = 7.1;
					};
					8E4728351BE290C6008CD0DC = {
						CreatedOnToolsVersion = 7.1;
						TestTargetID = 8E47281C1BE290C6008CD0DC;
					};
					8E4728401BE290C6008CD0DC = {
						CreatedOnToolsVersion = 7.1;
						TestTargetID = 8E47281C1BE290C6008CD0DC;
					};
				};
			};
			buildConfigurationList = 8E4728181BE290C6008CD0DC /* Build configuration list for PBXProject "ProjectX" */;
			compatibilityVersion = "Xcode 3.2";
			developmentRegion = English;
			hasScannedForEncodings = 0;
			knownRegions = (
				en,
				Base,
			);
			mainGroup = 8E4728141BE290C6008CD0DC;
			productRefGroup = 8E47281E1BE290C6008CD0DC /* Products */;
			projectDirPath = "";
			projectRoot = "";
			targets = (
				8E47281C1BE290C6008CD0DC /* ProjectX */,
				8E4728351BE290C6008CD0DC /* ProjectXTests */,
				8E4728401BE290C6008CD0DC /* ProjectXUITests */,
			);
		};
/* End PBXProject section */

/* Begin PBXResourcesBuildPhase section */
		8E47281B1BE290C6008CD0DC /* Resources */ = {
			isa = PBXResourcesBuildPhase;
			buildActionMask = 2147483647;
			files = (
				8E4728301BE290C6008CD0DC /* LaunchScreen.storyboard in Resources */,
				8E47282D1BE290C6008CD0DC /* Assets.xcassets in Resources */,
				8E47282B1BE290C6008CD0DC /* Main.storyboard in Resources */,
			);
			runOnlyForDeploymentPostprocessing = 0;
		};
		8E4728341BE290C6008CD0DC /* Resources */ = {
			isa = PBXResourcesBuildPhase;
			buildActionMask = 2147483647;
			files = (
			);
			runOnlyForDeploymentPostprocessing = 0;
		};
		8E47283F1BE290C6008CD0DC /* Resources */ = {
			isa = PBXResourcesBuildPhase;
			buildActionMask = 2147483647;
			files = (
			);
			runOnlyForDeploymentPostprocessing = 0;
		};
/* End PBXResourcesBuildPhase section */

/* Begin PBXShellScriptBuildPhase section */
		3D2AFB5323CA1E745D83F9A3 /* Copy Pods Resources */ = {
			isa = PBXShellScriptBuildPhase;
			buildActionMask = 2147483647;
			files = (
			);
			inputPaths = (
			);
			name = "Copy Pods Resources";
			outputPaths = (
			);
			runOnlyForDeploymentPostprocessing = 0;
			shellPath = /bin/sh;
			shellScript = "\"${SRCROOT}/Pods/Target Support Files/Pods-ProjectX/Pods-ProjectX-resources.sh\"\n";
			showEnvVarsInLog = 0;
		};
		57878C162C6C40649F12B922 /* Embed Pods Frameworks */ = {
			isa = PBXShellScriptBuildPhase;
			buildActionMask = 2147483647;
			files = (
			);
			inputPaths = (
			);
			name = "Embed Pods Frameworks";
			outputPaths = (
			);
			runOnlyForDeploymentPostprocessing = 0;
			shellPath = /bin/sh;
			shellScript = "\"${SRCROOT}/Pods/Target Support Files/Pods-ProjectX/Pods-ProjectX-frameworks.sh\"\n";
			showEnvVarsInLog = 0;
		};
		DA688AEDFD9E308530B4BD34 /* Check Pods Manifest.lock */ = {
			isa = PBXShellScriptBuildPhase;
			buildActionMask = 2147483647;
			files = (
			);
			inputPaths = (
			);
			name = "Check Pods Manifest.lock";
			outputPaths = (
			);
			runOnlyForDeploymentPostprocessing = 0;
			shellPath = /bin/sh;
			shellScript = "diff \"${PODS_ROOT}/../Podfile.lock\" \"${PODS_ROOT}/Manifest.lock\" > /dev/null\nif [[ $? != 0 ]] ; then\n    cat << EOM\nerror: The sandbox is not in sync with the Podfile.lock. Run 'pod install' or update your CocoaPods installation.\nEOM\n    exit 1\nfi\n";
			showEnvVarsInLog = 0;
		};
/* End PBXShellScriptBuildPhase section */

/* Begin PBXSourcesBuildPhase section */
		8E4728191BE290C6008CD0DC /* Sources */ = {
			isa = PBXSourcesBuildPhase;
			buildActionMask = 2147483647;
			files = (
				EB6682CD1C1CB8CE00082787 /* IconDownloader.m in Sources */,
				8E4728281BE290C6008CD0DC /* VenueTableView.m in Sources */,
				8E4728251BE290C6008CD0DC /* AppDelegate.m in Sources */,
				EB78FE901C1C5FC5002A6D62 /* Foursquare+Rest.m in Sources */,
				8E74030D1C12FEE6000A4426 /* Photos.m in Sources */,
				EB78FE8C1C1C4A0A002A6D62 /* LocationManager.m in Sources */,
				8E8A91E31C0CCE8000DD7C50 /* Venue.m in Sources */,
				8E3C98A41BE2BE59008D21C7 /* VenuesFullMapVC.m in Sources */,
				EBDF02CF1C4A99F2002ACFCD /* startTor.m in Sources */,
				8E4728221BE290C6008CD0DC /* main.m in Sources */,
				8E3C98A11BE2BCC7008D21C7 /* SelectedVenueVC.m in Sources */,
				8E8A91E61C0CD02D00DD7C50 /* Location.m in Sources */,
				8E82002C1BE404A0008D2446 /* VenueTableViewCell.m in Sources */,
				8E514EDA1C0DF10A00829233 /* Constants.m in Sources */,
			);
			runOnlyForDeploymentPostprocessing = 0;
		};
		8E4728321BE290C6008CD0DC /* Sources */ = {
			isa = PBXSourcesBuildPhase;
			buildActionMask = 2147483647;
			files = (
				8E47283B1BE290C6008CD0DC /* ProjectXTests.m in Sources */,
			);
			runOnlyForDeploymentPostprocessing = 0;
		};
		8E47283D1BE290C6008CD0DC /* Sources */ = {
			isa = PBXSourcesBuildPhase;
			buildActionMask = 2147483647;
			files = (
				8E4728461BE290C6008CD0DC /* ProjectXUITests.m in Sources */,
			);
			runOnlyForDeploymentPostprocessing = 0;
		};
/* End PBXSourcesBuildPhase section */

/* Begin PBXTargetDependency section */
		8E4728381BE290C6008CD0DC /* PBXTargetDependency */ = {
			isa = PBXTargetDependency;
			target = 8E47281C1BE290C6008CD0DC /* ProjectX */;
			targetProxy = 8E4728371BE290C6008CD0DC /* PBXContainerItemProxy */;
		};
		8E4728431BE290C6008CD0DC /* PBXTargetDependency */ = {
			isa = PBXTargetDependency;
			target = 8E47281C1BE290C6008CD0DC /* ProjectX */;
			targetProxy = 8E4728421BE290C6008CD0DC /* PBXContainerItemProxy */;
		};
/* End PBXTargetDependency section */

/* Begin PBXVariantGroup section */
		8E4728291BE290C6008CD0DC /* Main.storyboard */ = {
			isa = PBXVariantGroup;
			children = (
				8E47282A1BE290C6008CD0DC /* Base */,
			);
			name = Main.storyboard;
			sourceTree = "<group>";
		};
		8E47282E1BE290C6008CD0DC /* LaunchScreen.storyboard */ = {
			isa = PBXVariantGroup;
			children = (
				8E47282F1BE290C6008CD0DC /* Base */,
			);
			name = LaunchScreen.storyboard;
			sourceTree = "<group>";
		};
/* End PBXVariantGroup section */

/* Begin XCBuildConfiguration section */
		8E4728481BE290C6008CD0DC /* Debug */ = {
			isa = XCBuildConfiguration;
			buildSettings = {
				ALWAYS_SEARCH_USER_PATHS = NO;
				CLANG_CXX_LANGUAGE_STANDARD = "gnu++0x";
				CLANG_CXX_LIBRARY = "libc++";
				CLANG_ENABLE_MODULES = YES;
				CLANG_ENABLE_OBJC_ARC = YES;
				CLANG_WARN_BOOL_CONVERSION = YES;
				CLANG_WARN_CONSTANT_CONVERSION = YES;
				CLANG_WARN_DIRECT_OBJC_ISA_USAGE = YES_ERROR;
				CLANG_WARN_EMPTY_BODY = YES;
				CLANG_WARN_ENUM_CONVERSION = YES;
				CLANG_WARN_INT_CONVERSION = YES;
				CLANG_WARN_OBJC_ROOT_CLASS = YES_ERROR;
				CLANG_WARN_UNREACHABLE_CODE = YES;
				CLANG_WARN__DUPLICATE_METHOD_MATCH = YES;
				"CODE_SIGN_IDENTITY[sdk=iphoneos*]" = "iPhone Developer";
				COPY_PHASE_STRIP = NO;
				DEBUG_INFORMATION_FORMAT = dwarf;
				ENABLE_STRICT_OBJC_MSGSEND = YES;
				ENABLE_TESTABILITY = YES;
				GCC_C_LANGUAGE_STANDARD = gnu99;
				GCC_DYNAMIC_NO_PIC = NO;
				GCC_NO_COMMON_BLOCKS = YES;
				GCC_OPTIMIZATION_LEVEL = 0;
				GCC_PREPROCESSOR_DEFINITIONS = (
					"DEBUG=1",
					"$(inherited)",
				);
				GCC_WARN_64_TO_32_BIT_CONVERSION = YES;
				GCC_WARN_ABOUT_RETURN_TYPE = YES_ERROR;
				GCC_WARN_UNDECLARED_SELECTOR = YES;
				GCC_WARN_UNINITIALIZED_AUTOS = YES_AGGRESSIVE;
				GCC_WARN_UNUSED_FUNCTION = YES;
				GCC_WARN_UNUSED_VARIABLE = YES;
				IPHONEOS_DEPLOYMENT_TARGET = 9.1;
				MTL_ENABLE_DEBUG_INFO = YES;
				ONLY_ACTIVE_ARCH = YES;
				SDKROOT = iphoneos;
			};
			name = Debug;
		};
		8E4728491BE290C6008CD0DC /* Release */ = {
			isa = XCBuildConfiguration;
			buildSettings = {
				ALWAYS_SEARCH_USER_PATHS = NO;
				CLANG_CXX_LANGUAGE_STANDARD = "gnu++0x";
				CLANG_CXX_LIBRARY = "libc++";
				CLANG_ENABLE_MODULES = YES;
				CLANG_ENABLE_OBJC_ARC = YES;
				CLANG_WARN_BOOL_CONVERSION = YES;
				CLANG_WARN_CONSTANT_CONVERSION = YES;
				CLANG_WARN_DIRECT_OBJC_ISA_USAGE = YES_ERROR;
				CLANG_WARN_EMPTY_BODY = YES;
				CLANG_WARN_ENUM_CONVERSION = YES;
				CLANG_WARN_INT_CONVERSION = YES;
				CLANG_WARN_OBJC_ROOT_CLASS = YES_ERROR;
				CLANG_WARN_UNREACHABLE_CODE = YES;
				CLANG_WARN__DUPLICATE_METHOD_MATCH = YES;
				"CODE_SIGN_IDENTITY[sdk=iphoneos*]" = "iPhone Developer";
				COPY_PHASE_STRIP = NO;
				DEBUG_INFORMATION_FORMAT = "dwarf-with-dsym";
				ENABLE_NS_ASSERTIONS = NO;
				ENABLE_STRICT_OBJC_MSGSEND = YES;
				GCC_C_LANGUAGE_STANDARD = gnu99;
				GCC_NO_COMMON_BLOCKS = YES;
				GCC_WARN_64_TO_32_BIT_CONVERSION = YES;
				GCC_WARN_ABOUT_RETURN_TYPE = YES_ERROR;
				GCC_WARN_UNDECLARED_SELECTOR = YES;
				GCC_WARN_UNINITIALIZED_AUTOS = YES_AGGRESSIVE;
				GCC_WARN_UNUSED_FUNCTION = YES;
				GCC_WARN_UNUSED_VARIABLE = YES;
				IPHONEOS_DEPLOYMENT_TARGET = 9.1;
				MTL_ENABLE_DEBUG_INFO = NO;
				SDKROOT = iphoneos;
				VALIDATE_PRODUCT = YES;
			};
			name = Release;
		};
		8E47284B1BE290C6008CD0DC /* Debug */ = {
			isa = XCBuildConfiguration;
			baseConfigurationReference = 7BE1796ACB274751E630A73A /* Pods-ProjectX.debug.xcconfig */;
			buildSettings = {
				ASSETCATALOG_COMPILER_APPICON_NAME = AppIcon;
				ENABLE_BITCODE = NO;
				FRAMEWORK_SEARCH_PATHS = (
					"$(inherited)",
					"$(PROJECT_DIR)",
				);
				GCC_PREFIX_HEADER = ProjectX/PrefixHeader.pch;
				INFOPLIST_FILE = ProjectX/Info.plist;
				IPHONEOS_DEPLOYMENT_TARGET = 9.0;
				LD_RUNPATH_SEARCH_PATHS = "$(inherited) @executable_path/Frameworks";
				PRODUCT_BUNDLE_IDENTIFIER = icsd12004.ProjectX;
				PRODUCT_NAME = "$(TARGET_NAME)";
			};
			name = Debug;
		};
		8E47284C1BE290C6008CD0DC /* Release */ = {
			isa = XCBuildConfiguration;
			baseConfigurationReference = 32CA11DBB0F34AFC02C397C8 /* Pods-ProjectX.release.xcconfig */;
			buildSettings = {
				ASSETCATALOG_COMPILER_APPICON_NAME = AppIcon;
				ENABLE_BITCODE = NO;
				FRAMEWORK_SEARCH_PATHS = (
					"$(inherited)",
					"$(PROJECT_DIR)",
				);
				GCC_PREFIX_HEADER = ProjectX/PrefixHeader.pch;
				INFOPLIST_FILE = ProjectX/Info.plist;
				IPHONEOS_DEPLOYMENT_TARGET = 9.0;
				LD_RUNPATH_SEARCH_PATHS = "$(inherited) @executable_path/Frameworks";
				PRODUCT_BUNDLE_IDENTIFIER = icsd12004.ProjectX;
				PRODUCT_NAME = "$(TARGET_NAME)";
			};
			name = Release;
		};
		8E47284E1BE290C6008CD0DC /* Debug */ = {
			isa = XCBuildConfiguration;
			buildSettings = {
				BUNDLE_LOADER = "$(TEST_HOST)";
				INFOPLIST_FILE = ProjectXTests/Info.plist;
				LD_RUNPATH_SEARCH_PATHS = "$(inherited) @executable_path/Frameworks @loader_path/Frameworks";
				PRODUCT_BUNDLE_IDENTIFIER = icsd12004.ProjectXTests;
				PRODUCT_NAME = "$(TARGET_NAME)";
				TEST_HOST = "$(BUILT_PRODUCTS_DIR)/ProjectX.app/ProjectX";
			};
			name = Debug;
		};
		8E47284F1BE290C6008CD0DC /* Release */ = {
			isa = XCBuildConfiguration;
			buildSettings = {
				BUNDLE_LOADER = "$(TEST_HOST)";
				INFOPLIST_FILE = ProjectXTests/Info.plist;
				LD_RUNPATH_SEARCH_PATHS = "$(inherited) @executable_path/Frameworks @loader_path/Frameworks";
				PRODUCT_BUNDLE_IDENTIFIER = icsd12004.ProjectXTests;
				PRODUCT_NAME = "$(TARGET_NAME)";
				TEST_HOST = "$(BUILT_PRODUCTS_DIR)/ProjectX.app/ProjectX";
			};
			name = Release;
		};
		8E4728511BE290C6008CD0DC /* Debug */ = {
			isa = XCBuildConfiguration;
			buildSettings = {
				INFOPLIST_FILE = ProjectXUITests/Info.plist;
				LD_RUNPATH_SEARCH_PATHS = "$(inherited) @executable_path/Frameworks @loader_path/Frameworks";
				PRODUCT_BUNDLE_IDENTIFIER = icsd12004.ProjectXUITests;
				PRODUCT_NAME = "$(TARGET_NAME)";
				TEST_TARGET_NAME = ProjectX;
				USES_XCTRUNNER = YES;
			};
			name = Debug;
		};
		8E4728521BE290C6008CD0DC /* Release */ = {
			isa = XCBuildConfiguration;
			buildSettings = {
				INFOPLIST_FILE = ProjectXUITests/Info.plist;
				LD_RUNPATH_SEARCH_PATHS = "$(inherited) @executable_path/Frameworks @loader_path/Frameworks";
				PRODUCT_BUNDLE_IDENTIFIER = icsd12004.ProjectXUITests;
				PRODUCT_NAME = "$(TARGET_NAME)";
				TEST_TARGET_NAME = ProjectX;
				USES_XCTRUNNER = YES;
			};
			name = Release;
		};
/* End XCBuildConfiguration section */

/* Begin XCConfigurationList section */
		8E4728181BE290C6008CD0DC /* Build configuration list for PBXProject "ProjectX" */ = {
			isa = XCConfigurationList;
			buildConfigurations = (
				8E4728481BE290C6008CD0DC /* Debug */,
				8E4728491BE290C6008CD0DC /* Release */,
			);
			defaultConfigurationIsVisible = 0;
			defaultConfigurationName = Release;
		};
		8E47284A1BE290C6008CD0DC /* Build configuration list for PBXNativeTarget "ProjectX" */ = {
			isa = XCConfigurationList;
			buildConfigurations = (
				8E47284B1BE290C6008CD0DC /* Debug */,
				8E47284C1BE290C6008CD0DC /* Release */,
			);
			defaultConfigurationIsVisible = 0;
			defaultConfigurationName = Release;
		};
		8E47284D1BE290C6008CD0DC /* Build configuration list for PBXNativeTarget "ProjectXTests" */ = {
			isa = XCConfigurationList;
			buildConfigurations = (
				8E47284E1BE290C6008CD0DC /* Debug */,
				8E47284F1BE290C6008CD0DC /* Release */,
			);
			defaultConfigurationIsVisible = 0;
			defaultConfigurationName = Release;
		};
		8E4728501BE290C6008CD0DC /* Build configuration list for PBXNativeTarget "ProjectXUITests" */ = {
			isa = XCConfigurationList;
			buildConfigurations = (
				8E4728511BE290C6008CD0DC /* Debug */,
				8E4728521BE290C6008CD0DC /* Release */,
			);
			defaultConfigurationIsVisible = 0;
			defaultConfigurationName = Release;
		};
/* End XCConfigurationList section */
	};
	rootObject = 8E4728151BE290C6008CD0DC /* Project object */;
}
